
Microsoft Visual Studio Solution File, Format Version 12.00
# Visual Studio Version 17
VisualStudioVersion = 17.13.35919.96
MinimumVisualStudioVersion = 10.0.40219.1
Project("{2150E333-8FDC-42A3-9474-1A3956D46DE8}") = "Solution Items", "Solution Items", "{FCC9B8B5-A0BE-4C3B-8EE6-D91692F55CDA}"
	ProjectSection(SolutionItems) = preProject
		.gitignore = .gitignore
		Build\Build.Configuration.cs = Build\Build.Configuration.cs
		Changelog.md = Changelog.md
		Readme.md = Readme.md
	EndProjectSection
EndProject
Project("{FAE04EC0-301F-11D3-BF4B-00C04F79EFBC}") = "Build", "build\Build.csproj", "{B0D0E181-94EE-4A7D-AE1F-E6A33697BA21}"
EndProject
Project("{FAE04EC0-301F-11D3-BF4B-00C04F79EFBC}") = "Installer", "install\Installer.csproj", "{51AC046D-E0A5-4AFB-A477-7444AA3157E9}"
EndProject
Project("{FAE04EC0-301F-11D3-BF4B-00C04F79EFBC}") = "INGIN", "INGIN\INGIN.csproj", "{182764DE-61E8-4B86-900D-9E33B8C7BCAD}"
EndProject
Project("{FAE04EC0-301F-11D3-BF4B-00C04F79EFBC}") = "Common", "Common\Common.csproj", "{7CB8FAF4-8046-4AA7-9BCF-FB5FE460A8C5}"
EndProject
Project("{FAE04EC0-301F-11D3-BF4B-00C04F79EFBC}") = "InginUpdater", "InginUpdater\InginUpdater.csproj", "{346F89C0-F4DD-4753-90AE-FF0EADC074EF}"
EndProject
Global
	GlobalSection(SolutionConfigurationPlatforms) = preSolution
		Debug R20|Any CPU = Debug R20|Any CPU
		Debug R21|Any CPU = Debug R21|Any CPU
		Debug R22|Any CPU = Debug R22|Any CPU
		Debug R23|Any CPU = Debug R23|Any CPU
		Debug R24|Any CPU = Debug R24|Any CPU
		Debug R25|Any CPU = Debug R25|Any CPU
		Debug|Any CPU = Debug|Any CPU
		Installer|Any CPU = Installer|Any CPU
		Release R20|Any CPU = Release R20|Any CPU
		Release R21|Any CPU = Release R21|Any CPU
		Release R22|Any CPU = Release R22|Any CPU
		Release R23|Any CPU = Release R23|Any CPU
		Release R24|Any CPU = Release R24|Any CPU
		Release R25|Any CPU = Release R25|Any CPU
		Release|Any CPU = Release|Any CPU
	EndGlobalSection
	GlobalSection(ProjectConfigurationPlatforms) = postSolution
		{B0D0E181-94EE-4A7D-AE1F-E6A33697BA21}.Debug R20|Any CPU.ActiveCfg = Debug|Any CPU
		{B0D0E181-94EE-4A7D-AE1F-E6A33697BA21}.Debug R21|Any CPU.ActiveCfg = Debug|Any CPU
		{B0D0E181-94EE-4A7D-AE1F-E6A33697BA21}.Debug R22|Any CPU.ActiveCfg = Debug|Any CPU
		{B0D0E181-94EE-4A7D-AE1F-E6A33697BA21}.Debug R23|Any CPU.ActiveCfg = Debug|Any CPU
		{B0D0E181-94EE-4A7D-AE1F-E6A33697BA21}.Debug R24|Any CPU.ActiveCfg = Debug|Any CPU
		{B0D0E181-94EE-4A7D-AE1F-E6A33697BA21}.Debug R25|Any CPU.ActiveCfg = Debug|Any CPU
		{B0D0E181-94EE-4A7D-AE1F-E6A33697BA21}.Debug|Any CPU.ActiveCfg = Debug|Any CPU
		{B0D0E181-94EE-4A7D-AE1F-E6A33697BA21}.Debug|Any CPU.Build.0 = Debug|Any CPU
		{B0D0E181-94EE-4A7D-AE1F-E6A33697BA21}.Installer|Any CPU.ActiveCfg = Release|Any CPU
		{B0D0E181-94EE-4A7D-AE1F-E6A33697BA21}.Release R20|Any CPU.ActiveCfg = Release|Any CPU
		{B0D0E181-94EE-4A7D-AE1F-E6A33697BA21}.Release R21|Any CPU.ActiveCfg = Release|Any CPU
		{B0D0E181-94EE-4A7D-AE1F-E6A33697BA21}.Release R22|Any CPU.ActiveCfg = Release|Any CPU
		{B0D0E181-94EE-4A7D-AE1F-E6A33697BA21}.Release R23|Any CPU.ActiveCfg = Release|Any CPU
		{B0D0E181-94EE-4A7D-AE1F-E6A33697BA21}.Release R24|Any CPU.ActiveCfg = Release|Any CPU
		{B0D0E181-94EE-4A7D-AE1F-E6A33697BA21}.Release R25|Any CPU.ActiveCfg = Release|Any CPU
		{B0D0E181-94EE-4A7D-AE1F-E6A33697BA21}.Release|Any CPU.ActiveCfg = Release|Any CPU
		{B0D0E181-94EE-4A7D-AE1F-E6A33697BA21}.Release|Any CPU.Build.0 = Release|Any CPU
		{51AC046D-E0A5-4AFB-A477-7444AA3157E9}.Debug R20|Any CPU.ActiveCfg = Debug|Any CPU
		{51AC046D-E0A5-4AFB-A477-7444AA3157E9}.Debug R21|Any CPU.ActiveCfg = Debug|Any CPU
		{51AC046D-E0A5-4AFB-A477-7444AA3157E9}.Debug R22|Any CPU.ActiveCfg = Debug|Any CPU
		{51AC046D-E0A5-4AFB-A477-7444AA3157E9}.Debug R23|Any CPU.ActiveCfg = Debug|Any CPU
		{51AC046D-E0A5-4AFB-A477-7444AA3157E9}.Debug R24|Any CPU.ActiveCfg = Debug|Any CPU
		{51AC046D-E0A5-4AFB-A477-7444AA3157E9}.Debug R25|Any CPU.ActiveCfg = Debug|Any CPU
		{51AC046D-E0A5-4AFB-A477-7444AA3157E9}.Debug|Any CPU.ActiveCfg = Debug|Any CPU
		{51AC046D-E0A5-4AFB-A477-7444AA3157E9}.Debug|Any CPU.Build.0 = Debug|Any CPU
		{51AC046D-E0A5-4AFB-A477-7444AA3157E9}.Installer|Any CPU.ActiveCfg = Release|Any CPU
		{51AC046D-E0A5-4AFB-A477-7444AA3157E9}.Installer|Any CPU.Build.0 = Release|Any CPU
		{51AC046D-E0A5-4AFB-A477-7444AA3157E9}.Release R20|Any CPU.ActiveCfg = Release|Any CPU
		{51AC046D-E0A5-4AFB-A477-7444AA3157E9}.Release R21|Any CPU.ActiveCfg = Release|Any CPU
		{51AC046D-E0A5-4AFB-A477-7444AA3157E9}.Release R22|Any CPU.ActiveCfg = Release|Any CPU
		{51AC046D-E0A5-4AFB-A477-7444AA3157E9}.Release R23|Any CPU.ActiveCfg = Release|Any CPU
		{51AC046D-E0A5-4AFB-A477-7444AA3157E9}.Release R24|Any CPU.ActiveCfg = Release|Any CPU
		{51AC046D-E0A5-4AFB-A477-7444AA3157E9}.Release R25|Any CPU.ActiveCfg = Release|Any CPU
		{51AC046D-E0A5-4AFB-A477-7444AA3157E9}.Release|Any CPU.ActiveCfg = Release|Any CPU
		{51AC046D-E0A5-4AFB-A477-7444AA3157E9}.Release|Any CPU.Build.0 = Release|Any CPU
		{182764DE-61E8-4B86-900D-9E33B8C7BCAD}.Debug R20|Any CPU.ActiveCfg = Debug R20|Any CPU
		{182764DE-61E8-4B86-900D-9E33B8C7BCAD}.Debug R20|Any CPU.Build.0 = Debug R20|Any CPU
		{182764DE-61E8-4B86-900D-9E33B8C7BCAD}.Debug R21|Any CPU.ActiveCfg = Debug R21|Any CPU
		{182764DE-61E8-4B86-900D-9E33B8C7BCAD}.Debug R21|Any CPU.Build.0 = Debug R21|Any CPU
		{182764DE-61E8-4B86-900D-9E33B8C7BCAD}.Debug R22|Any CPU.ActiveCfg = Debug R22|Any CPU
		{182764DE-61E8-4B86-900D-9E33B8C7BCAD}.Debug R22|Any CPU.Build.0 = Debug R22|Any CPU
		{182764DE-61E8-4B86-900D-9E33B8C7BCAD}.Debug R23|Any CPU.ActiveCfg = Debug R23|Any CPU
		{182764DE-61E8-4B86-900D-9E33B8C7BCAD}.Debug R23|Any CPU.Build.0 = Debug R23|Any CPU
		{182764DE-61E8-4B86-900D-9E33B8C7BCAD}.Debug R24|Any CPU.ActiveCfg = Debug R24|Any CPU
		{182764DE-61E8-4B86-900D-9E33B8C7BCAD}.Debug R24|Any CPU.Build.0 = Debug R24|Any CPU
		{182764DE-61E8-4B86-900D-9E33B8C7BCAD}.Debug R25|Any CPU.ActiveCfg = Debug R25|Any CPU
		{182764DE-61E8-4B86-900D-9E33B8C7BCAD}.Debug R25|Any CPU.Build.0 = Debug R25|Any CPU
		{182764DE-61E8-4B86-900D-9E33B8C7BCAD}.Debug|Any CPU.ActiveCfg = Debug R20|Any CPU
		{182764DE-61E8-4B86-900D-9E33B8C7BCAD}.Debug|Any CPU.Build.0 = Debug R20|Any CPU
		{182764DE-61E8-4B86-900D-9E33B8C7BCAD}.Installer|Any CPU.ActiveCfg = Debug R20|Any CPU
		{182764DE-61E8-4B86-900D-9E33B8C7BCAD}.Installer|Any CPU.Build.0 = Debug R20|Any CPU
		{182764DE-61E8-4B86-900D-9E33B8C7BCAD}.Release R20|Any CPU.ActiveCfg = Release R20|Any CPU
		{182764DE-61E8-4B86-900D-9E33B8C7BCAD}.Release R20|Any CPU.Build.0 = Release R20|Any CPU
		{182764DE-61E8-4B86-900D-9E33B8C7BCAD}.Release R21|Any CPU.ActiveCfg = Release R21|Any CPU
		{182764DE-61E8-4B86-900D-9E33B8C7BCAD}.Release R21|Any CPU.Build.0 = Release R21|Any CPU
		{182764DE-61E8-4B86-900D-9E33B8C7BCAD}.Release R22|Any CPU.ActiveCfg = Release R22|Any CPU
		{182764DE-61E8-4B86-900D-9E33B8C7BCAD}.Release R22|Any CPU.Build.0 = Release R22|Any CPU
		{182764DE-61E8-4B86-900D-9E33B8C7BCAD}.Release R23|Any CPU.ActiveCfg = Release R23|Any CPU
		{182764DE-61E8-4B86-900D-9E33B8C7BCAD}.Release R23|Any CPU.Build.0 = Release R23|Any CPU
		{182764DE-61E8-4B86-900D-9E33B8C7BCAD}.Release R24|Any CPU.ActiveCfg = Release R24|Any CPU
		{182764DE-61E8-4B86-900D-9E33B8C7BCAD}.Release R24|Any CPU.Build.0 = Release R24|Any CPU
		{182764DE-61E8-4B86-900D-9E33B8C7BCAD}.Release R25|Any CPU.ActiveCfg = Release R25|Any CPU
		{182764DE-61E8-4B86-900D-9E33B8C7BCAD}.Release R25|Any CPU.Build.0 = Release R25|Any CPU
		{182764DE-61E8-4B86-900D-9E33B8C7BCAD}.Release|Any CPU.ActiveCfg = Release R20|Any CPU
		{182764DE-61E8-4B86-900D-9E33B8C7BCAD}.Release|Any CPU.Build.0 = Release R20|Any CPU
		{7CB8FAF4-8046-4AA7-9BCF-FB5FE460A8C5}.Debug R20|Any CPU.ActiveCfg = Debug|Any CPU
		{7CB8FAF4-8046-4AA7-9BCF-FB5FE460A8C5}.Debug R20|Any CPU.Build.0 = Debug|Any CPU
		{7CB8FAF4-8046-4AA7-9BCF-FB5FE460A8C5}.Debug R21|Any CPU.ActiveCfg = Debug|Any CPU
		{7CB8FAF4-8046-4AA7-9BCF-FB5FE460A8C5}.Debug R21|Any CPU.Build.0 = Debug|Any CPU
		{7CB8FAF4-8046-4AA7-9BCF-FB5FE460A8C5}.Debug R22|Any CPU.ActiveCfg = Debug|Any CPU
		{7CB8FAF4-8046-4AA7-9BCF-FB5FE460A8C5}.Debug R22|Any CPU.Build.0 = Debug|Any CPU
		{7CB8FAF4-8046-4AA7-9BCF-FB5FE460A8C5}.Debug R23|Any CPU.ActiveCfg = Debug|Any CPU
		{7CB8FAF4-8046-4AA7-9BCF-FB5FE460A8C5}.Debug R23|Any CPU.Build.0 = Debug|Any CPU
		{7CB8FAF4-8046-4AA7-9BCF-FB5FE460A8C5}.Debug R24|Any CPU.ActiveCfg = Debug|Any CPU
		{7CB8FAF4-8046-4AA7-9BCF-FB5FE460A8C5}.Debug R24|Any CPU.Build.0 = Debug|Any CPU
		{7CB8FAF4-8046-4AA7-9BCF-FB5FE460A8C5}.Debug R25|Any CPU.ActiveCfg = Debug|Any CPU
		{7CB8FAF4-8046-4AA7-9BCF-FB5FE460A8C5}.Debug R25|Any CPU.Build.0 = Debug|Any CPU
		{7CB8FAF4-8046-4AA7-9BCF-FB5FE460A8C5}.Debug|Any CPU.ActiveCfg = Debug|Any CPU
		{7CB8FAF4-8046-4AA7-9BCF-FB5FE460A8C5}.Debug|Any CPU.Build.0 = Debug|Any CPU
		{7CB8FAF4-8046-4AA7-9BCF-FB5FE460A8C5}.Installer|Any CPU.ActiveCfg = Debug|Any CPU
		{7CB8FAF4-8046-4AA7-9BCF-FB5FE460A8C5}.Installer|Any CPU.Build.0 = Debug|Any CPU
		{7CB8FAF4-8046-4AA7-9BCF-FB5FE460A8C5}.Release R20|Any CPU.ActiveCfg = Release|Any CPU
		{7CB8FAF4-8046-4AA7-9BCF-FB5FE460A8C5}.Release R20|Any CPU.Build.0 = Release|Any CPU
		{7CB8FAF4-8046-4AA7-9BCF-FB5FE460A8C5}.Release R21|Any CPU.ActiveCfg = Release|Any CPU
		{7CB8FAF4-8046-4AA7-9BCF-FB5FE460A8C5}.Release R21|Any CPU.Build.0 = Release|Any CPU
		{7CB8FAF4-8046-4AA7-9BCF-FB5FE460A8C5}.Release R22|Any CPU.ActiveCfg = Release|Any CPU
		{7CB8FAF4-8046-4AA7-9BCF-FB5FE460A8C5}.Release R22|Any CPU.Build.0 = Release|Any CPU
		{7CB8FAF4-8046-4AA7-9BCF-FB5FE460A8C5}.Release R23|Any CPU.ActiveCfg = Release|Any CPU
		{7CB8FAF4-8046-4AA7-9BCF-FB5FE460A8C5}.Release R23|Any CPU.Build.0 = Release|Any CPU
		{7CB8FAF4-8046-4AA7-9BCF-FB5FE460A8C5}.Release R24|Any CPU.ActiveCfg = Release|Any CPU
		{7CB8FAF4-8046-4AA7-9BCF-FB5FE460A8C5}.Release R24|Any CPU.Build.0 = Release|Any CPU
		{7CB8FAF4-8046-4AA7-9BCF-FB5FE460A8C5}.Release R25|Any CPU.ActiveCfg = Release|Any CPU
		{7CB8FAF4-8046-4AA7-9BCF-FB5FE460A8C5}.Release R25|Any CPU.Build.0 = Release|Any CPU
		{7CB8FAF4-8046-4AA7-9BCF-FB5FE460A8C5}.Release|Any CPU.ActiveCfg = Release|Any CPU
		{7CB8FAF4-8046-4AA7-9BCF-FB5FE460A8C5}.Release|Any CPU.Build.0 = Release|Any CPU
		{346F89C0-F4DD-4753-90AE-FF0EADC074EF}.Debug R20|Any CPU.ActiveCfg = Debug|Any CPU
		{346F89C0-F4DD-4753-90AE-FF0EADC074EF}.Debug R20|Any CPU.Build.0 = Debug|Any CPU
		{346F89C0-F4DD-4753-90AE-FF0EADC074EF}.Debug R21|Any CPU.ActiveCfg = Debug|Any CPU
		{346F89C0-F4DD-4753-90AE-FF0EADC074EF}.Debug R21|Any CPU.Build.0 = Debug|Any CPU
		{346F89C0-F4DD-4753-90AE-FF0EADC074EF}.Debug R22|Any CPU.ActiveCfg = Debug|Any CPU
		{346F89C0-F4DD-4753-90AE-FF0EADC074EF}.Debug R22|Any CPU.Build.0 = Debug|Any CPU
		{346F89C0-F4DD-4753-90AE-FF0EADC074EF}.Debug R23|Any CPU.ActiveCfg = Debug|Any CPU
		{346F89C0-F4DD-4753-90AE-FF0EADC074EF}.Debug R23|Any CPU.Build.0 = Debug|Any CPU
		{346F89C0-F4DD-4753-90AE-FF0EADC074EF}.Debug R24|Any CPU.ActiveCfg = Debug|Any CPU
		{346F89C0-F4DD-4753-90AE-FF0EADC074EF}.Debug R24|Any CPU.Build.0 = Debug|Any CPU
		{346F89C0-F4DD-4753-90AE-FF0EADC074EF}.Debug R25|Any CPU.ActiveCfg = Debug|Any CPU
		{346F89C0-F4DD-4753-90AE-FF0EADC074EF}.Debug R25|Any CPU.Build.0 = Debug|Any CPU
		{346F89C0-F4DD-4753-90AE-FF0EADC074EF}.Debug|Any CPU.ActiveCfg = Debug|Any CPU
		{346F89C0-F4DD-4753-90AE-FF0EADC074EF}.Debug|Any CPU.Build.0 = Debug|Any CPU
		{346F89C0-F4DD-4753-90AE-FF0EADC074EF}.Installer|Any CPU.ActiveCfg = Debug|Any CPU
		{346F89C0-F4DD-4753-90AE-FF0EADC074EF}.Installer|Any CPU.Build.0 = Debug|Any CPU
		{346F89C0-F4DD-4753-90AE-FF0EADC074EF}.Release R20|Any CPU.ActiveCfg = Release|Any CPU
		{346F89C0-F4DD-4753-90AE-FF0EADC074EF}.Release R20|Any CPU.Build.0 = Release|Any CPU
		{346F89C0-F4DD-4753-90AE-FF0EADC074EF}.Release R21|Any CPU.ActiveCfg = Release|Any CPU
		{346F89C0-F4DD-4753-90AE-FF0EADC074EF}.Release R21|Any CPU.Build.0 = Release|Any CPU
		{346F89C0-F4DD-4753-90AE-FF0EADC074EF}.Release R22|Any CPU.ActiveCfg = Release|Any CPU
		{346F89C0-F4DD-4753-90AE-FF0EADC074EF}.Release R22|Any CPU.Build.0 = Release|Any CPU
		{346F89C0-F4DD-4753-90AE-FF0EADC074EF}.Release R23|Any CPU.ActiveCfg = Release|Any CPU
		{346F89C0-F4DD-4753-90AE-FF0EADC074EF}.Release R23|Any CPU.Build.0 = Release|Any CPU
		{346F89C0-F4DD-4753-90AE-FF0EADC074EF}.Release R24|Any CPU.ActiveCfg = Release|Any CPU
		{346F89C0-F4DD-4753-90AE-FF0EADC074EF}.Release R24|Any CPU.Build.0 = Release|Any CPU
		{346F89C0-F4DD-4753-90AE-FF0EADC074EF}.Release R25|Any CPU.ActiveCfg = Release|Any CPU
		{346F89C0-F4DD-4753-90AE-FF0EADC074EF}.Release R25|Any CPU.Build.0 = Release|Any CPU
		{346F89C0-F4DD-4753-90AE-FF0EADC074EF}.Release|Any CPU.ActiveCfg = Release|Any CPU
		{346F89C0-F4DD-4753-90AE-FF0EADC074EF}.Release|Any CPU.Build.0 = Release|Any CPU
	EndGlobalSection
	GlobalSection(SolutionProperties) = preSolution
		HideSolutionNode = FALSE
	EndGlobalSection
	GlobalSection(ExtensibilityGlobals) = postSolution
		SolutionGuid = {4033E1A5-CF47-437F-A9B4-0EA5DB64EB7E}
	EndGlobalSection
EndGlobal
